
Microsoft Visual Studio Solution File, Format Version 12.00
# Visual Studio Version 17
VisualStudioVersion = 17.0.31903.59
MinimumVisualStudioVersion = 10.0.40219.1
Project("{FAE04EC0-301F-11D3-BF4B-00C04F79EFBC}") = "test", "test\test.csproj", "{6F5C463C-7128-4317-A052-6CD952CF19A8}"
EndProject
Project("{FAE04EC0-301F-11D3-BF4B-00C04F79EFBC}") = "SystemCSharp", "src\SystemCSharp.csproj", "{8509F96B-6E1B-432D-BD7E-9C3FAC526DCE}"
EndProject
Global
	GlobalSection(SolutionConfigurationPlatforms) = preSolution
		Debug|Any CPU = Debug|Any CPU
		Release|Any CPU = Release|Any CPU
	EndGlobalSection
	GlobalSection(SolutionProperties) = preSolution
		HideSolutionNode = FALSE
	EndGlobalSection
	GlobalSection(ProjectConfigurationPlatforms) = postSolution
		{6F5C463C-7128-4317-A052-6CD952CF19A8}.Debug|Any CPU.ActiveCfg = Debug|Any CPU
		{6F5C463C-7128-4317-A052-6CD952CF19A8}.Debug|Any CPU.Build.0 = Debug|Any CPU
		{6F5C463C-7128-4317-A052-6CD952CF19A8}.Release|Any CPU.ActiveCfg = Release|Any CPU
		{6F5C463C-7128-4317-A052-6CD952CF19A8}.Release|Any CPU.Build.0 = Release|Any CPU
		{8509F96B-6E1B-432D-BD7E-9C3FAC526DCE}.Debug|Any CPU.ActiveCfg = Debug|Any CPU
		{8509F96B-6E1B-432D-BD7E-9C3FAC526DCE}.Debug|Any CPU.Build.0 = Debug|Any CPU
		{8509F96B-6E1B-432D-BD7E-9C3FAC526DCE}.Release|Any CPU.ActiveCfg = Release|Any CPU
		{8509F96B-6E1B-432D-BD7E-9C3FAC526DCE}.Release|Any CPU.Build.0 = Release|Any CPU
	EndGlobalSection
EndGlobal
